
Microsoft Visual Studio Solution File, Format Version 12.00
# Visual Studio Version 17
VisualStudioVersion = 17.5.2.0
MinimumVisualStudioVersion = 10.0.40219.1
Project("{FAE04EC0-301F-11D3-BF4B-00C04F79EFBC}") = "Infrastructure.Shared", "Infrastructure.Shared\Infrastructure.Shared.csproj", "{8FBC25A8-F8F1-4D1D-B0CC-CB74D471FB57}"
EndProject
Project("{FAE04EC0-301F-11D3-BF4B-00C04F79EFBC}") = "Infrastructure.Security", "Infrastructure.Security\Infrastructure.Security.csproj", "{7F74CB68-3219-4590-A727-74F4805255DB}"
EndProject
Project("{FAE04EC0-301F-11D3-BF4B-00C04F79EFBC}") = "Infrastructure.Caching", "Infrastructure.Caching\Infrastructure.Caching.csproj", "{E4566A79-5D58-45F6-9D10-43EA785C444A}"
EndProject
Project("{FAE04EC0-301F-11D3-BF4B-00C04F79EFBC}") = "Infrastructure.Caching.Tests", "Infrastructure.Caching.Tests\Infrastructure.Caching.Tests.csproj", "{DC7C1B57-EC2E-491D-BFCF-1760E407E5AD}"
EndProject
Project("{FAE04EC0-301F-11D3-BF4B-00C04F79EFBC}") = "Infrastructure.Shared.Tests", "Infrastructure.Shared.Tests\Infrastructure.Shared.Tests.csproj", "{3AE4BD63-F7EA-809F-662F-AA5060AF1547}"
EndProject
Project("{FAE04EC0-301F-11D3-BF4B-00C04F79EFBC}") = "Infrastructure.Security.Tests", "Infrastructure.Security.Tests\Infrastructure.Security.Tests.csproj", "{2E408BE6-77F5-42A9-814A-49DD00224725}"
EndProject
Project("{FAE04EC0-301F-11D3-BF4B-00C04F79EFBC}") = "Infrastructure.Networks", "Infrastructure.Networks\Infrastructure.Networks.csproj", "{72DF7A37-D568-4327-9B86-D3F47C41562C}"
EndProject
Project("{FAE04EC0-301F-11D3-BF4B-00C04F79EFBC}") = "Infrastructure.Networks.Tests", "Infrastructure.Networks.Tests\Infrastructure.Networks.Tests.csproj", "{F2E17245-A1C2-4120-BFF2-F0E000A3C4AC}"
EndProject
Project("{FAE04EC0-301F-11D3-BF4B-00C04F79EFBC}") = "Infrastructure.EntityFramework", "Infrastructure.EntityFramework\Infrastructure.EntityFramework.csproj", "{5B7BCFFE-7D30-435A-B3E4-032A50AE67A1}"
EndProject
Project("{FAE04EC0-301F-11D3-BF4B-00C04F79EFBC}") = "Infrastructure.EntityFramework.Tests", "Infrastructure.EntityFramework.Tests\Infrastructure.EntityFramework.Tests.csproj", "{860CDE4D-4E78-42CE-9C8D-85B5C8298993}"
EndProject
Project("{FAE04EC0-301F-11D3-BF4B-00C04F79EFBC}") = "Infrastructure.Testing", "Infrastructure.Testing\Infrastructure.Testing.csproj", "{9EBB46B4-C9F0-42BF-A4B9-7B9FF3F85F77}"
EndProject
Project("{FAE04EC0-301F-11D3-BF4B-00C04F79EFBC}") = "Infrastructure.Testing.Tests", "Infrastructure.Testing.Tests\Infrastructure.Testing.Tests.csproj", "{F0A958FB-595A-4B58-98A2-1F8FE924E515}"
EndProject
Project("{FAE04EC0-301F-11D3-BF4B-00C04F79EFBC}") = "Infrastructure.Testing.XUnit", "Infrastructure.Testing.XUnit\Infrastructure.Testing.XUnit.csproj", "{49AEF671-4DF4-4C94-AE82-54A7610333E9}"
EndProject
Global
	GlobalSection(SolutionConfigurationPlatforms) = preSolution
		Debug|Any CPU = Debug|Any CPU
		Debug|x64 = Debug|x64
		Debug|x86 = Debug|x86
		Release|Any CPU = Release|Any CPU
		Release|x64 = Release|x64
		Release|x86 = Release|x86
	EndGlobalSection
	GlobalSection(ProjectConfigurationPlatforms) = postSolution
		{8FBC25A8-F8F1-4D1D-B0CC-CB74D471FB57}.Debug|Any CPU.ActiveCfg = Debug|Any CPU
		{8FBC25A8-F8F1-4D1D-B0CC-CB74D471FB57}.Debug|Any CPU.Build.0 = Debug|Any CPU
		{8FBC25A8-F8F1-4D1D-B0CC-CB74D471FB57}.Debug|x64.ActiveCfg = Debug|Any CPU
		{8FBC25A8-F8F1-4D1D-B0CC-CB74D471FB57}.Debug|x64.Build.0 = Debug|Any CPU
		{8FBC25A8-F8F1-4D1D-B0CC-CB74D471FB57}.Debug|x86.ActiveCfg = Debug|Any CPU
		{8FBC25A8-F8F1-4D1D-B0CC-CB74D471FB57}.Debug|x86.Build.0 = Debug|Any CPU
		{8FBC25A8-F8F1-4D1D-B0CC-CB74D471FB57}.Release|Any CPU.ActiveCfg = Release|Any CPU
		{8FBC25A8-F8F1-4D1D-B0CC-CB74D471FB57}.Release|Any CPU.Build.0 = Release|Any CPU
		{8FBC25A8-F8F1-4D1D-B0CC-CB74D471FB57}.Release|x64.ActiveCfg = Release|Any CPU
		{8FBC25A8-F8F1-4D1D-B0CC-CB74D471FB57}.Release|x64.Build.0 = Release|Any CPU
		{8FBC25A8-F8F1-4D1D-B0CC-CB74D471FB57}.Release|x86.ActiveCfg = Release|Any CPU
		{8FBC25A8-F8F1-4D1D-B0CC-CB74D471FB57}.Release|x86.Build.0 = Release|Any CPU
		{7F74CB68-3219-4590-A727-74F4805255DB}.Debug|Any CPU.ActiveCfg = Debug|Any CPU
		{7F74CB68-3219-4590-A727-74F4805255DB}.Debug|Any CPU.Build.0 = Debug|Any CPU
		{7F74CB68-3219-4590-A727-74F4805255DB}.Debug|x64.ActiveCfg = Debug|Any CPU
		{7F74CB68-3219-4590-A727-74F4805255DB}.Debug|x64.Build.0 = Debug|Any CPU
		{7F74CB68-3219-4590-A727-74F4805255DB}.Debug|x86.ActiveCfg = Debug|Any CPU
		{7F74CB68-3219-4590-A727-74F4805255DB}.Debug|x86.Build.0 = Debug|Any CPU
		{7F74CB68-3219-4590-A727-74F4805255DB}.Release|Any CPU.ActiveCfg = Release|Any CPU
		{7F74CB68-3219-4590-A727-74F4805255DB}.Release|Any CPU.Build.0 = Release|Any CPU
		{7F74CB68-3219-4590-A727-74F4805255DB}.Release|x64.ActiveCfg = Release|Any CPU
		{7F74CB68-3219-4590-A727-74F4805255DB}.Release|x64.Build.0 = Release|Any CPU
		{7F74CB68-3219-4590-A727-74F4805255DB}.Release|x86.ActiveCfg = Release|Any CPU
		{7F74CB68-3219-4590-A727-74F4805255DB}.Release|x86.Build.0 = Release|Any CPU
		{E4566A79-5D58-45F6-9D10-43EA785C444A}.Debug|Any CPU.ActiveCfg = Debug|Any CPU
		{E4566A79-5D58-45F6-9D10-43EA785C444A}.Debug|Any CPU.Build.0 = Debug|Any CPU
		{E4566A79-5D58-45F6-9D10-43EA785C444A}.Debug|x64.ActiveCfg = Debug|Any CPU
		{E4566A79-5D58-45F6-9D10-43EA785C444A}.Debug|x64.Build.0 = Debug|Any CPU
		{E4566A79-5D58-45F6-9D10-43EA785C444A}.Debug|x86.ActiveCfg = Debug|Any CPU
		{E4566A79-5D58-45F6-9D10-43EA785C444A}.Debug|x86.Build.0 = Debug|Any CPU
		{E4566A79-5D58-45F6-9D10-43EA785C444A}.Release|Any CPU.ActiveCfg = Release|Any CPU
		{E4566A79-5D58-45F6-9D10-43EA785C444A}.Release|Any CPU.Build.0 = Release|Any CPU
		{E4566A79-5D58-45F6-9D10-43EA785C444A}.Release|x64.ActiveCfg = Release|Any CPU
		{E4566A79-5D58-45F6-9D10-43EA785C444A}.Release|x64.Build.0 = Release|Any CPU
		{E4566A79-5D58-45F6-9D10-43EA785C444A}.Release|x86.ActiveCfg = Release|Any CPU
		{E4566A79-5D58-45F6-9D10-43EA785C444A}.Release|x86.Build.0 = Release|Any CPU
		{DC7C1B57-EC2E-491D-BFCF-1760E407E5AD}.Debug|Any CPU.ActiveCfg = Debug|Any CPU
		{DC7C1B57-EC2E-491D-BFCF-1760E407E5AD}.Debug|Any CPU.Build.0 = Debug|Any CPU
		{DC7C1B57-EC2E-491D-BFCF-1760E407E5AD}.Debug|x64.ActiveCfg = Debug|Any CPU
		{DC7C1B57-EC2E-491D-BFCF-1760E407E5AD}.Debug|x64.Build.0 = Debug|Any CPU
		{DC7C1B57-EC2E-491D-BFCF-1760E407E5AD}.Debug|x86.ActiveCfg = Debug|Any CPU
		{DC7C1B57-EC2E-491D-BFCF-1760E407E5AD}.Debug|x86.Build.0 = Debug|Any CPU
		{DC7C1B57-EC2E-491D-BFCF-1760E407E5AD}.Release|Any CPU.ActiveCfg = Release|Any CPU
		{DC7C1B57-EC2E-491D-BFCF-1760E407E5AD}.Release|Any CPU.Build.0 = Release|Any CPU
		{DC7C1B57-EC2E-491D-BFCF-1760E407E5AD}.Release|x64.ActiveCfg = Release|Any CPU
		{DC7C1B57-EC2E-491D-BFCF-1760E407E5AD}.Release|x64.Build.0 = Release|Any CPU
		{DC7C1B57-EC2E-491D-BFCF-1760E407E5AD}.Release|x86.ActiveCfg = Release|Any CPU
		{DC7C1B57-EC2E-491D-BFCF-1760E407E5AD}.Release|x86.Build.0 = Release|Any CPU
		{3AE4BD63-F7EA-809F-662F-AA5060AF1547}.Debug|Any CPU.ActiveCfg = Debug|Any CPU
		{3AE4BD63-F7EA-809F-662F-AA5060AF1547}.Debug|Any CPU.Build.0 = Debug|Any CPU
		{3AE4BD63-F7EA-809F-662F-AA5060AF1547}.Debug|x64.ActiveCfg = Debug|Any CPU
		{3AE4BD63-F7EA-809F-662F-AA5060AF1547}.Debug|x64.Build.0 = Debug|Any CPU
		{3AE4BD63-F7EA-809F-662F-AA5060AF1547}.Debug|x86.ActiveCfg = Debug|Any CPU
		{3AE4BD63-F7EA-809F-662F-AA5060AF1547}.Debug|x86.Build.0 = Debug|Any CPU
		{3AE4BD63-F7EA-809F-662F-AA5060AF1547}.Release|Any CPU.ActiveCfg = Release|Any CPU
		{3AE4BD63-F7EA-809F-662F-AA5060AF1547}.Release|Any CPU.Build.0 = Release|Any CPU
		{3AE4BD63-F7EA-809F-662F-AA5060AF1547}.Release|x64.ActiveCfg = Release|Any CPU
		{3AE4BD63-F7EA-809F-662F-AA5060AF1547}.Release|x64.Build.0 = Release|Any CPU
		{3AE4BD63-F7EA-809F-662F-AA5060AF1547}.Release|x86.ActiveCfg = Release|Any CPU
		{3AE4BD63-F7EA-809F-662F-AA5060AF1547}.Release|x86.Build.0 = Release|Any CPU
		{2E408BE6-77F5-42A9-814A-49DD00224725}.Debug|Any CPU.ActiveCfg = Debug|Any CPU
		{2E408BE6-77F5-42A9-814A-49DD00224725}.Debug|Any CPU.Build.0 = Debug|Any CPU
		{2E408BE6-77F5-42A9-814A-49DD00224725}.Debug|x64.ActiveCfg = Debug|Any CPU
		{2E408BE6-77F5-42A9-814A-49DD00224725}.Debug|x64.Build.0 = Debug|Any CPU
		{2E408BE6-77F5-42A9-814A-49DD00224725}.Debug|x86.ActiveCfg = Debug|Any CPU
		{2E408BE6-77F5-42A9-814A-49DD00224725}.Debug|x86.Build.0 = Debug|Any CPU
		{2E408BE6-77F5-42A9-814A-49DD00224725}.Release|Any CPU.ActiveCfg = Release|Any CPU
		{2E408BE6-77F5-42A9-814A-49DD00224725}.Release|Any CPU.Build.0 = Release|Any CPU
		{2E408BE6-77F5-42A9-814A-49DD00224725}.Release|x64.ActiveCfg = Release|Any CPU
		{2E408BE6-77F5-42A9-814A-49DD00224725}.Release|x64.Build.0 = Release|Any CPU
		{2E408BE6-77F5-42A9-814A-49DD00224725}.Release|x86.ActiveCfg = Release|Any CPU
		{2E408BE6-77F5-42A9-814A-49DD00224725}.Release|x86.Build.0 = Release|Any CPU
		{72DF7A37-D568-4327-9B86-D3F47C41562C}.Debug|Any CPU.ActiveCfg = Debug|Any CPU
		{72DF7A37-D568-4327-9B86-D3F47C41562C}.Debug|Any CPU.Build.0 = Debug|Any CPU
		{72DF7A37-D568-4327-9B86-D3F47C41562C}.Debug|x64.ActiveCfg = Debug|Any CPU
		{72DF7A37-D568-4327-9B86-D3F47C41562C}.Debug|x64.Build.0 = Debug|Any CPU
		{72DF7A37-D568-4327-9B86-D3F47C41562C}.Debug|x86.ActiveCfg = Debug|Any CPU
		{72DF7A37-D568-4327-9B86-D3F47C41562C}.Debug|x86.Build.0 = Debug|Any CPU
		{72DF7A37-D568-4327-9B86-D3F47C41562C}.Release|Any CPU.ActiveCfg = Release|Any CPU
		{72DF7A37-D568-4327-9B86-D3F47C41562C}.Release|Any CPU.Build.0 = Release|Any CPU
		{72DF7A37-D568-4327-9B86-D3F47C41562C}.Release|x64.ActiveCfg = Release|Any CPU
		{72DF7A37-D568-4327-9B86-D3F47C41562C}.Release|x64.Build.0 = Release|Any CPU
		{72DF7A37-D568-4327-9B86-D3F47C41562C}.Release|x86.ActiveCfg = Release|Any CPU
		{72DF7A37-D568-4327-9B86-D3F47C41562C}.Release|x86.Build.0 = Release|Any CPU
		{F2E17245-A1C2-4120-BFF2-F0E000A3C4AC}.Debug|Any CPU.ActiveCfg = Debug|Any CPU
		{F2E17245-A1C2-4120-BFF2-F0E000A3C4AC}.Debug|Any CPU.Build.0 = Debug|Any CPU
		{F2E17245-A1C2-4120-BFF2-F0E000A3C4AC}.Debug|x64.ActiveCfg = Debug|Any CPU
		{F2E17245-A1C2-4120-BFF2-F0E000A3C4AC}.Debug|x64.Build.0 = Debug|Any CPU
		{F2E17245-A1C2-4120-BFF2-F0E000A3C4AC}.Debug|x86.ActiveCfg = Debug|Any CPU
		{F2E17245-A1C2-4120-BFF2-F0E000A3C4AC}.Debug|x86.Build.0 = Debug|Any CPU
		{F2E17245-A1C2-4120-BFF2-F0E000A3C4AC}.Release|Any CPU.ActiveCfg = Release|Any CPU
		{F2E17245-A1C2-4120-BFF2-F0E000A3C4AC}.Release|Any CPU.Build.0 = Release|Any CPU
		{F2E17245-A1C2-4120-BFF2-F0E000A3C4AC}.Release|x64.ActiveCfg = Release|Any CPU
		{F2E17245-A1C2-4120-BFF2-F0E000A3C4AC}.Release|x64.Build.0 = Release|Any CPU
		{F2E17245-A1C2-4120-BFF2-F0E000A3C4AC}.Release|x86.ActiveCfg = Release|Any CPU
		{F2E17245-A1C2-4120-BFF2-F0E000A3C4AC}.Release|x86.Build.0 = Release|Any CPU
		{5B7BCFFE-7D30-435A-B3E4-032A50AE67A1}.Debug|Any CPU.ActiveCfg = Debug|Any CPU
		{5B7BCFFE-7D30-435A-B3E4-032A50AE67A1}.Debug|Any CPU.Build.0 = Debug|Any CPU
		{5B7BCFFE-7D30-435A-B3E4-032A50AE67A1}.Debug|x64.ActiveCfg = Debug|Any CPU
		{5B7BCFFE-7D30-435A-B3E4-032A50AE67A1}.Debug|x64.Build.0 = Debug|Any CPU
		{5B7BCFFE-7D30-435A-B3E4-032A50AE67A1}.Debug|x86.ActiveCfg = Debug|Any CPU
		{5B7BCFFE-7D30-435A-B3E4-032A50AE67A1}.Debug|x86.Build.0 = Debug|Any CPU
		{5B7BCFFE-7D30-435A-B3E4-032A50AE67A1}.Release|Any CPU.ActiveCfg = Release|Any CPU
		{5B7BCFFE-7D30-435A-B3E4-032A50AE67A1}.Release|Any CPU.Build.0 = Release|Any CPU
		{5B7BCFFE-7D30-435A-B3E4-032A50AE67A1}.Release|x64.ActiveCfg = Release|Any CPU
		{5B7BCFFE-7D30-435A-B3E4-032A50AE67A1}.Release|x64.Build.0 = Release|Any CPU
		{5B7BCFFE-7D30-435A-B3E4-032A50AE67A1}.Release|x86.ActiveCfg = Release|Any CPU
		{5B7BCFFE-7D30-435A-B3E4-032A50AE67A1}.Release|x86.Build.0 = Release|Any CPU
		{860CDE4D-4E78-42CE-9C8D-85B5C8298993}.Debug|Any CPU.ActiveCfg = Debug|Any CPU
		{860CDE4D-4E78-42CE-9C8D-85B5C8298993}.Debug|Any CPU.Build.0 = Debug|Any CPU
		{860CDE4D-4E78-42CE-9C8D-85B5C8298993}.Debug|x64.ActiveCfg = Debug|Any CPU
		{860CDE4D-4E78-42CE-9C8D-85B5C8298993}.Debug|x64.Build.0 = Debug|Any CPU
		{860CDE4D-4E78-42CE-9C8D-85B5C8298993}.Debug|x86.ActiveCfg = Debug|Any CPU
		{860CDE4D-4E78-42CE-9C8D-85B5C8298993}.Debug|x86.Build.0 = Debug|Any CPU
		{860CDE4D-4E78-42CE-9C8D-85B5C8298993}.Release|Any CPU.ActiveCfg = Release|Any CPU
		{860CDE4D-4E78-42CE-9C8D-85B5C8298993}.Release|Any CPU.Build.0 = Release|Any CPU
		{860CDE4D-4E78-42CE-9C8D-85B5C8298993}.Release|x64.ActiveCfg = Release|Any CPU
		{860CDE4D-4E78-42CE-9C8D-85B5C8298993}.Release|x64.Build.0 = Release|Any CPU
		{860CDE4D-4E78-42CE-9C8D-85B5C8298993}.Release|x86.ActiveCfg = Release|Any CPU
		{860CDE4D-4E78-42CE-9C8D-85B5C8298993}.Release|x86.Build.0 = Release|Any CPU
		{9EBB46B4-C9F0-42BF-A4B9-7B9FF3F85F77}.Debug|Any CPU.ActiveCfg = Debug|Any CPU
		{9EBB46B4-C9F0-42BF-A4B9-7B9FF3F85F77}.Debug|Any CPU.Build.0 = Debug|Any CPU
		{9EBB46B4-C9F0-42BF-A4B9-7B9FF3F85F77}.Debug|x64.ActiveCfg = Debug|Any CPU
		{9EBB46B4-C9F0-42BF-A4B9-7B9FF3F85F77}.Debug|x64.Build.0 = Debug|Any CPU
		{9EBB46B4-C9F0-42BF-A4B9-7B9FF3F85F77}.Debug|x86.ActiveCfg = Debug|Any CPU
		{9EBB46B4-C9F0-42BF-A4B9-7B9FF3F85F77}.Debug|x86.Build.0 = Debug|Any CPU
		{9EBB46B4-C9F0-42BF-A4B9-7B9FF3F85F77}.Release|Any CPU.ActiveCfg = Release|Any CPU
		{9EBB46B4-C9F0-42BF-A4B9-7B9FF3F85F77}.Release|Any CPU.Build.0 = Release|Any CPU
		{9EBB46B4-C9F0-42BF-A4B9-7B9FF3F85F77}.Release|x64.ActiveCfg = Release|Any CPU
		{9EBB46B4-C9F0-42BF-A4B9-7B9FF3F85F77}.Release|x64.Build.0 = Release|Any CPU
		{9EBB46B4-C9F0-42BF-A4B9-7B9FF3F85F77}.Release|x86.ActiveCfg = Release|Any CPU
		{9EBB46B4-C9F0-42BF-A4B9-7B9FF3F85F77}.Release|x86.Build.0 = Release|Any CPU
		{F0A958FB-595A-4B58-98A2-1F8FE924E515}.Debug|Any CPU.ActiveCfg = Debug|Any CPU
		{F0A958FB-595A-4B58-98A2-1F8FE924E515}.Debug|Any CPU.Build.0 = Debug|Any CPU
		{F0A958FB-595A-4B58-98A2-1F8FE924E515}.Debug|x64.ActiveCfg = Debug|Any CPU
		{F0A958FB-595A-4B58-98A2-1F8FE924E515}.Debug|x64.Build.0 = Debug|Any CPU
		{F0A958FB-595A-4B58-98A2-1F8FE924E515}.Debug|x86.ActiveCfg = Debug|Any CPU
		{F0A958FB-595A-4B58-98A2-1F8FE924E515}.Debug|x86.Build.0 = Debug|Any CPU
		{F0A958FB-595A-4B58-98A2-1F8FE924E515}.Release|Any CPU.ActiveCfg = Release|Any CPU
		{F0A958FB-595A-4B58-98A2-1F8FE924E515}.Release|Any CPU.Build.0 = Release|Any CPU
		{F0A958FB-595A-4B58-98A2-1F8FE924E515}.Release|x64.ActiveCfg = Release|Any CPU
		{F0A958FB-595A-4B58-98A2-1F8FE924E515}.Release|x64.Build.0 = Release|Any CPU
		{F0A958FB-595A-4B58-98A2-1F8FE924E515}.Release|x86.ActiveCfg = Release|Any CPU
		{F0A958FB-595A-4B58-98A2-1F8FE924E515}.Release|x86.Build.0 = Release|Any CPU
		{49AEF671-4DF4-4C94-AE82-54A7610333E9}.Debug|Any CPU.ActiveCfg = Debug|Any CPU
		{49AEF671-4DF4-4C94-AE82-54A7610333E9}.Debug|Any CPU.Build.0 = Debug|Any CPU
		{49AEF671-4DF4-4C94-AE82-54A7610333E9}.Debug|x64.ActiveCfg = Debug|Any CPU
		{49AEF671-4DF4-4C94-AE82-54A7610333E9}.Debug|x64.Build.0 = Debug|Any CPU
		{49AEF671-4DF4-4C94-AE82-54A7610333E9}.Debug|x86.ActiveCfg = Debug|Any CPU
		{49AEF671-4DF4-4C94-AE82-54A7610333E9}.Debug|x86.Build.0 = Debug|Any CPU
		{49AEF671-4DF4-4C94-AE82-54A7610333E9}.Release|Any CPU.ActiveCfg = Release|Any CPU
		{49AEF671-4DF4-4C94-AE82-54A7610333E9}.Release|Any CPU.Build.0 = Release|Any CPU
		{49AEF671-4DF4-4C94-AE82-54A7610333E9}.Release|x64.ActiveCfg = Release|Any CPU
		{49AEF671-4DF4-4C94-AE82-54A7610333E9}.Release|x64.Build.0 = Release|Any CPU
		{49AEF671-4DF4-4C94-AE82-54A7610333E9}.Release|x86.ActiveCfg = Release|Any CPU
		{49AEF671-4DF4-4C94-AE82-54A7610333E9}.Release|x86.Build.0 = Release|Any CPU
	EndGlobalSection
	GlobalSection(SolutionProperties) = preSolution
		HideSolutionNode = FALSE
	EndGlobalSection
	GlobalSection(ExtensibilityGlobals) = postSolution
		SolutionGuid = {E0A71626-5BFF-4180-B5E1-B184A624799E}
	EndGlobalSection
EndGlobal
