
Microsoft Visual Studio Solution File, Format Version 12.00
# Visual Studio Version 17
VisualStudioVersion = 17.5.2.0
MinimumVisualStudioVersion = 10.0.40219.1
Project("{FAE04EC0-301F-11D3-BF4B-00C04F79EFBC}") = "Infrastructure.Shared", "Infrastructure.Shared\Infrastructure.Shared.csproj", "{8FBC25A8-F8F1-4D1D-B0CC-CB74D471FB57}"
EndProject
Project("{FAE04EC0-301F-11D3-BF4B-00C04F79EFBC}") = "Infrastructure.Security", "Infrastructure.Security\Infrastructure.Security.csproj", "{7F74CB68-3219-4590-A727-74F4805255DB}"
EndProject
Project("{FAE04EC0-301F-11D3-BF4B-00C04F79EFBC}") = "Infrastructure.Caching", "Infrastructure.Caching\Infrastructure.Caching.csproj", "{E4566A79-5D58-45F6-9D10-43EA785C444A}"
EndProject
Project("{FAE04EC0-301F-11D3-BF4B-00C04F79EFBC}") = "Infrastructure.Caching.Tests", "Infrastructure.Caching.Tests\Infrastructure.Caching.Tests.csproj", "{DC7C1B57-EC2E-491D-BFCF-1760E407E5AD}"
EndProject
Project("{FAE04EC0-301F-11D3-BF4B-00C04F79EFBC}") = "Infrastructure.Shared.Tests", "Infrastructure.Shared.Tests\Infrastructure.Shared.Tests.csproj", "{3AE4BD63-F7EA-809F-662F-AA5060AF1547}"
EndProject
Global
	GlobalSection(SolutionConfigurationPlatforms) = preSolution
		Debug|Any CPU = Debug|Any CPU
		Release|Any CPU = Release|Any CPU
	EndGlobalSection
	GlobalSection(ProjectConfigurationPlatforms) = postSolution
		{8FBC25A8-F8F1-4D1D-B0CC-CB74D471FB57}.Debug|Any CPU.ActiveCfg = Debug|Any CPU
		{8FBC25A8-F8F1-4D1D-B0CC-CB74D471FB57}.Debug|Any CPU.Build.0 = Debug|Any CPU
		{8FBC25A8-F8F1-4D1D-B0CC-CB74D471FB57}.Release|Any CPU.ActiveCfg = Release|Any CPU
		{8FBC25A8-F8F1-4D1D-B0CC-CB74D471FB57}.Release|Any CPU.Build.0 = Release|Any CPU
		{7F74CB68-3219-4590-A727-74F4805255DB}.Debug|Any CPU.ActiveCfg = Debug|Any CPU
		{7F74CB68-3219-4590-A727-74F4805255DB}.Debug|Any CPU.Build.0 = Debug|Any CPU
		{7F74CB68-3219-4590-A727-74F4805255DB}.Release|Any CPU.ActiveCfg = Release|Any CPU
		{7F74CB68-3219-4590-A727-74F4805255DB}.Release|Any CPU.Build.0 = Release|Any CPU
		{E4566A79-5D58-45F6-9D10-43EA785C444A}.Debug|Any CPU.ActiveCfg = Debug|Any CPU
		{E4566A79-5D58-45F6-9D10-43EA785C444A}.Debug|Any CPU.Build.0 = Debug|Any CPU
		{E4566A79-5D58-45F6-9D10-43EA785C444A}.Release|Any CPU.ActiveCfg = Release|Any CPU
		{E4566A79-5D58-45F6-9D10-43EA785C444A}.Release|Any CPU.Build.0 = Release|Any CPU
		{DC7C1B57-EC2E-491D-BFCF-1760E407E5AD}.Debug|Any CPU.ActiveCfg = Debug|Any CPU
		{DC7C1B57-EC2E-491D-BFCF-1760E407E5AD}.Debug|Any CPU.Build.0 = Debug|Any CPU
		{DC7C1B57-EC2E-491D-BFCF-1760E407E5AD}.Release|Any CPU.ActiveCfg = Release|Any CPU
		{DC7C1B57-EC2E-491D-BFCF-1760E407E5AD}.Release|Any CPU.Build.0 = Release|Any CPU
		{3AE4BD63-F7EA-809F-662F-AA5060AF1547}.Debug|Any CPU.ActiveCfg = Debug|Any CPU
		{3AE4BD63-F7EA-809F-662F-AA5060AF1547}.Debug|Any CPU.Build.0 = Debug|Any CPU
		{3AE4BD63-F7EA-809F-662F-AA5060AF1547}.Release|Any CPU.ActiveCfg = Release|Any CPU
		{3AE4BD63-F7EA-809F-662F-AA5060AF1547}.Release|Any CPU.Build.0 = Release|Any CPU
	EndGlobalSection
	GlobalSection(SolutionProperties) = preSolution
		HideSolutionNode = FALSE
	EndGlobalSection
	GlobalSection(ExtensibilityGlobals) = postSolution
		SolutionGuid = {E0A71626-5BFF-4180-B5E1-B184A624799E}
	EndGlobalSection
EndGlobal
